
Microsoft Visual Studio Solution File, Format Version 12.00
# Visual Studio Version 17
VisualStudioVersion = 17.6.33712.159
MinimumVisualStudioVersion = 10.0.40219.1
Project("{FAE04EC0-301F-11D3-BF4B-00C04F79EFBC}") = "Tugas akhir (part 1)", "Tugas akhir (part 1)\Tugas akhir (part 1).csproj", "{A22270EB-32BF-410C-B67A-051FC8DD56A2}"
EndProject
Global
	GlobalSection(SolutionConfigurationPlatforms) = preSolution
		Debug|Any CPU = Debug|Any CPU
		Release|Any CPU = Release|Any CPU
	EndGlobalSection
	GlobalSection(ProjectConfigurationPlatforms) = postSolution
		{A22270EB-32BF-410C-B67A-051FC8DD56A2}.Debug|Any CPU.ActiveCfg = Debug|Any CPU
		{A22270EB-32BF-410C-B67A-051FC8DD56A2}.Debug|Any CPU.Build.0 = Debug|Any CPU
		{A22270EB-32BF-410C-B67A-051FC8DD56A2}.Release|Any CPU.ActiveCfg = Release|Any CPU
		{A22270EB-32BF-410C-B67A-051FC8DD56A2}.Release|Any CPU.Build.0 = Release|Any CPU
	EndGlobalSection
	GlobalSection(SolutionProperties) = preSolution
		HideSolutionNode = FALSE
	EndGlobalSection
	GlobalSection(ExtensibilityGlobals) = postSolution
		SolutionGuid = {DAE13890-49AF-4E20-B3BD-4A653F52567E}
	EndGlobalSection
EndGlobal
